
Microsoft Visual Studio Solution File, Format Version 12.00
# Visual Studio Version 17
VisualStudioVersion = 17.11.35312.102
MinimumVisualStudioVersion = 10.0.40219.1
Project("{FAE04EC0-301F-11D3-BF4B-00C04F79EFBC}") = "QuanLyTaiChinhCuaHangVatLieuXayDung", "QuanLyTaiChinhCuaHangVatLieuXayDung\QuanLyTaiChinhCuaHangVatLieuXayDung.csproj", "{220AFDEA-8205-4ED7-A010-E66E5053E585}"
EndProject
Global
	GlobalSection(SolutionConfigurationPlatforms) = preSolution
		Debug|Any CPU = Debug|Any CPU
		Release|Any CPU = Release|Any CPU
	EndGlobalSection
	GlobalSection(ProjectConfigurationPlatforms) = postSolution
		{220AFDEA-8205-4ED7-A010-E66E5053E585}.Debug|Any CPU.ActiveCfg = Debug|Any CPU
		{220AFDEA-8205-4ED7-A010-E66E5053E585}.Debug|Any CPU.Build.0 = Debug|Any CPU
		{220AFDEA-8205-4ED7-A010-E66E5053E585}.Release|Any CPU.ActiveCfg = Release|Any CPU
		{220AFDEA-8205-4ED7-A010-E66E5053E585}.Release|Any CPU.Build.0 = Release|Any CPU
	EndGlobalSection
	GlobalSection(SolutionProperties) = preSolution
		HideSolutionNode = FALSE
	EndGlobalSection
	GlobalSection(ExtensibilityGlobals) = postSolution
		SolutionGuid = {7258A4F2-564D-4619-9566-CA6AEC6E65E0}
	EndGlobalSection
EndGlobal
